{
  "version": 4,
  "terraform_version": "1.3.7",
  "serial": 37,
  "lineage": "8fde4c3f-df82-89d5-203f-186963017a27",
  "outputs": {},
  "resources": [
    {
      "module": "module.ec2-terraform-agent",
      "mode": "data",
      "type": "aws_ami",
      "name": "amazon-linux-2",
      "provider": "provider[\"registry.terraform.io/hashicorp/aws\"]",
      "instances": [
        {
          "schema_version": 0,
          "attributes": {
            "architecture": "x86_64",
            "arn": "arn:aws:ec2:us-east-1::image/ami-007868005aea67c54",
            "block_device_mappings": [
              {
                "device_name": "/dev/xvda",
                "ebs": {
                  "delete_on_termination": "true",
                  "encrypted": "false",
                  "iops": "0",
                  "snapshot_id": "snap-023cfd0d04c4543c4",
                  "throughput": "0",
                  "volume_size": "8",
                  "volume_type": "gp2"
                },
                "no_device": "",
                "virtual_name": ""
              }
            ],
            "boot_mode": "",
            "creation_date": "2023-01-25T17:10:05.000Z",
            "deprecation_time": "2025-01-25T17:10:05.000Z",
            "description": "Amazon Linux 2 AMI 2.0.20230119.1 x86_64 HVM gp2",
            "ena_support": true,
            "executable_users": null,
            "filter": [
              {
                "name": "name",
                "values": [
                  "amzn2-ami-hvm*"
                ]
              },
              {
                "name": "owner-alias",
                "values": [
                  "amazon"
                ]
              }
            ],
            "hypervisor": "xen",
            "id": "ami-007868005aea67c54",
            "image_id": "ami-007868005aea67c54",
            "image_location": "amazon/amzn2-ami-hvm-2.0.20230119.1-x86_64-gp2",
            "image_owner_alias": "amazon",
            "image_type": "machine",
            "imds_support": "",
            "include_deprecated": false,
            "kernel_id": "",
            "most_recent": true,
            "name": "amzn2-ami-hvm-2.0.20230119.1-x86_64-gp2",
            "name_regex": null,
            "owner_id": "137112412989",
            "owners": [
              "amazon"
            ],
            "platform": "",
            "platform_details": "Linux/UNIX",
            "product_codes": [],
            "public": true,
            "ramdisk_id": "",
            "root_device_name": "/dev/xvda",
            "root_device_type": "ebs",
            "root_snapshot_id": "snap-023cfd0d04c4543c4",
            "sriov_net_support": "simple",
            "state": "available",
            "state_reason": {
              "code": "UNSET",
              "message": "UNSET"
            },
            "tags": {},
            "timeouts": null,
            "tpm_support": "",
            "usage_operation": "RunInstances",
            "virtualization_type": "hvm"
          },
          "sensitive_attributes": []
        }
      ]
    },
    {
      "module": "module.ec2-terraform-agent",
      "mode": "data",
      "type": "aws_iam_policy",
      "name": "terraform_agent_ssm_mananged_instance_core",
      "provider": "provider[\"registry.terraform.io/hashicorp/aws\"]",
      "instances": [
        {
          "schema_version": 0,
          "attributes": {
            "arn": "arn:aws:iam::aws:policy/AmazonSSMManagedInstanceCore",
            "description": "The policy for Amazon EC2 Role to enable AWS Systems Manager service core functionality.",
            "id": "arn:aws:iam::aws:policy/AmazonSSMManagedInstanceCore",
            "name": "AmazonSSMManagedInstanceCore",
            "path": "/",
            "path_prefix": null,
            "policy": "{\n    \"Version\": \"2012-10-17\",\n    \"Statement\": [\n        {\n            \"Effect\": \"Allow\",\n            \"Action\": [\n                \"ssm:DescribeAssociation\",\n                \"ssm:GetDeployablePatchSnapshotForInstance\",\n                \"ssm:GetDocument\",\n                \"ssm:DescribeDocument\",\n                \"ssm:GetManifest\",\n                \"ssm:GetParameter\",\n                \"ssm:GetParameters\",\n                \"ssm:ListAssociations\",\n                \"ssm:ListInstanceAssociations\",\n                \"ssm:PutInventory\",\n                \"ssm:PutComplianceItems\",\n                \"ssm:PutConfigurePackageResult\",\n                \"ssm:UpdateAssociationStatus\",\n                \"ssm:UpdateInstanceAssociationStatus\",\n                \"ssm:UpdateInstanceInformation\"\n            ],\n            \"Resource\": \"*\"\n        },\n        {\n            \"Effect\": \"Allow\",\n            \"Action\": [\n                \"ssmmessages:CreateControlChannel\",\n                \"ssmmessages:CreateDataChannel\",\n                \"ssmmessages:OpenControlChannel\",\n                \"ssmmessages:OpenDataChannel\"\n            ],\n            \"Resource\": \"*\"\n        },\n        {\n            \"Effect\": \"Allow\",\n            \"Action\": [\n                \"ec2messages:AcknowledgeMessage\",\n                \"ec2messages:DeleteMessage\",\n                \"ec2messages:FailMessage\",\n                \"ec2messages:GetEndpoint\",\n                \"ec2messages:GetMessages\",\n                \"ec2messages:SendReply\"\n            ],\n            \"Resource\": \"*\"\n        }\n    ]\n}",
            "policy_id": "ANPAIXSHM2BNB2D3AXXRU",
            "tags": {}
          },
          "sensitive_attributes": []
        }
      ]
    },
    {
      "module": "module.ec2-terraform-agent",
      "mode": "data",
      "type": "aws_iam_policy_document",
      "name": "instance-assume-role-policy",
      "provider": "provider[\"registry.terraform.io/hashicorp/aws\"]",
      "instances": [
        {
          "schema_version": 0,
          "attributes": {
            "id": "1903849331",
            "json": "{\n  \"Version\": \"2012-10-17\",\n  \"Statement\": [\n    {\n      \"Sid\": \"\",\n      \"Effect\": \"Allow\",\n      \"Action\": \"sts:AssumeRole\",\n      \"Principal\": {\n        \"Service\": \"ec2.amazonaws.com\"\n      }\n    }\n  ]\n}",
            "override_json": null,
            "override_policy_documents": null,
            "policy_id": null,
            "source_json": null,
            "source_policy_documents": null,
            "statement": [
              {
                "actions": [
                  "sts:AssumeRole"
                ],
                "condition": [],
                "effect": "Allow",
                "not_actions": [],
                "not_principals": [],
                "not_resources": [],
                "principals": [
                  {
                    "identifiers": [
                      "ec2.amazonaws.com"
                    ],
                    "type": "Service"
                  }
                ],
                "resources": [],
                "sid": ""
              }
            ],
            "version": "2012-10-17"
          },
          "sensitive_attributes": []
        }
      ]
    },
    {
      "module": "module.ec2-terraform-agent",
      "mode": "data",
      "type": "template_file",
      "name": "user_data",
      "provider": "provider[\"registry.terraform.io/hashicorp/template\"]",
      "instances": [
        {
          "schema_version": 0,
          "attributes": {
            "filename": null,
            "id": "fea67e54bfc0cb8cd0978efe01e08c0042fe7b20751f5894aeffd1859657c162",
            "rendered": "#!/bin/bash\n\nsudo yum update -y\nsudo yum -y install docker\nsudo service docker start\nsudo usermod -a -G docker ec2-user\nsudo chmod 666 /var/run/docker.sock\n# docker version",
            "template": "#!/bin/bash\n\nsudo yum update -y\nsudo yum -y install docker\nsudo service docker start\nsudo usermod -a -G docker ec2-user\nsudo chmod 666 /var/run/docker.sock\n# docker version",
            "vars": null
          },
          "sensitive_attributes": []
        }
      ]
    },
    {
      "module": "module.ec2-terraform-agent",
      "mode": "managed",
      "type": "aws_iam_instance_profile",
      "name": "terraform_agent_profile",
      "provider": "provider[\"registry.terraform.io/hashicorp/aws\"]",
      "instances": [
        {
          "schema_version": 0,
          "attributes": {
            "arn": "arn:aws:iam::050122515462:instance-profile/dev-terraform-agent-instance-profile",
            "create_date": "2023-02-13T10:32:03Z",
            "id": "dev-terraform-agent-instance-profile",
            "name": "dev-terraform-agent-instance-profile",
            "name_prefix": null,
            "path": "/",
            "role": "dev-terraform-agent-role",
            "tags": {
              "Created By": "terraform",
              "Name": "dev-terraform-agent-profile"
            },
            "tags_all": {
              "Created By": "terraform",
              "Name": "dev-terraform-agent-profile"
            },
            "unique_id": "AIPAQXK4I4QDOGZBBHMV6"
          },
          "sensitive_attributes": [],
          "private": "bnVsbA==",
          "dependencies": [
            "module.ec2-terraform-agent.aws_iam_role.terraform_agent_role",
            "module.ec2-terraform-agent.data.aws_iam_policy_document.instance-assume-role-policy"
          ]
        }
      ]
    },
    {
      "module": "module.ec2-terraform-agent",
      "mode": "managed",
      "type": "aws_iam_role",
      "name": "terraform_agent_role",
      "provider": "provider[\"registry.terraform.io/hashicorp/aws\"]",
      "instances": [
        {
          "schema_version": 0,
          "attributes": {
            "arn": "arn:aws:iam::050122515462:role/dev-terraform-agent-role",
            "assume_role_policy": "{\"Statement\":[{\"Action\":\"sts:AssumeRole\",\"Effect\":\"Allow\",\"Principal\":{\"Service\":\"ec2.amazonaws.com\"},\"Sid\":\"\"}],\"Version\":\"2012-10-17\"}",
            "create_date": "2023-02-13T10:32:00Z",
            "description": "",
            "force_detach_policies": false,
            "id": "dev-terraform-agent-role",
            "inline_policy": [],
            "managed_policy_arns": [],
            "max_session_duration": 3600,
            "name": "dev-terraform-agent-role",
            "name_prefix": "",
            "path": "/",
            "permissions_boundary": null,
            "tags": {
              "Created By": "terraform",
              "Name": "dev-terraform-agent-role"
            },
            "tags_all": {
              "Created By": "terraform",
              "Name": "dev-terraform-agent-role"
            },
            "unique_id": "AROAQXK4I4QDAIQMMZYFS"
          },
          "sensitive_attributes": [],
          "private": "bnVsbA==",
          "dependencies": [
            "module.ec2-terraform-agent.data.aws_iam_policy_document.instance-assume-role-policy"
          ]
        }
      ]
    },
    {
      "module": "module.ec2-terraform-agent",
      "mode": "managed",
      "type": "aws_iam_role_policy_attachment",
      "name": "_ssm_mananged_instance_core",
      "provider": "provider[\"registry.terraform.io/hashicorp/aws\"]",
      "instances": [
        {
          "schema_version": 0,
          "attributes": {
            "id": "dev-terraform-agent-role-20230213103203580700000001",
            "policy_arn": "arn:aws:iam::aws:policy/AmazonSSMManagedInstanceCore",
            "role": "dev-terraform-agent-role"
          },
          "sensitive_attributes": [],
          "private": "bnVsbA==",
          "dependencies": [
            "module.ec2-terraform-agent.aws_iam_role.terraform_agent_role",
            "module.ec2-terraform-agent.data.aws_iam_policy.terraform_agent_ssm_mananged_instance_core",
            "module.ec2-terraform-agent.data.aws_iam_policy_document.instance-assume-role-policy"
          ]
        }
      ]
    },
    {
      "module": "module.ec2-terraform-agent",
      "mode": "managed",
      "type": "aws_instance",
      "name": "ec2",
      "provider": "provider[\"registry.terraform.io/hashicorp/aws\"]",
      "instances": [
        {
          "schema_version": 1,
          "attributes": {
            "ami": "ami-007868005aea67c54",
            "arn": "arn:aws:ec2:us-east-1:050122515462:instance/i-0a6bbdaff0eb8e8a8",
            "associate_public_ip_address": false,
            "availability_zone": "us-east-1a",
            "capacity_reservation_specification": [
              {
                "capacity_reservation_preference": "open",
                "capacity_reservation_target": []
              }
            ],
            "cpu_core_count": 1,
            "cpu_threads_per_core": 2,
            "credit_specification": [
              {
                "cpu_credits": "unlimited"
              }
            ],
            "disable_api_stop": false,
            "disable_api_termination": true,
            "ebs_block_device": [],
            "ebs_optimized": true,
            "enclave_options": [
              {
                "enabled": false
              }
            ],
            "ephemeral_block_device": [],
            "get_password_data": false,
            "hibernation": false,
            "host_id": "",
            "host_resource_group_arn": null,
            "iam_instance_profile": "dev-terraform-agent-instance-profile",
            "id": "i-0a6bbdaff0eb8e8a8",
            "instance_initiated_shutdown_behavior": "stop",
            "instance_state": "running",
            "instance_type": "t3a.medium",
            "ipv6_address_count": 0,
            "ipv6_addresses": [],
            "key_name": "",
            "launch_template": [],
            "maintenance_options": [
              {
                "auto_recovery": "default"
              }
            ],
            "metadata_options": [
              {
                "http_endpoint": "enabled",
                "http_put_response_hop_limit": 1,
                "http_tokens": "optional",
                "instance_metadata_tags": "disabled"
              }
            ],
            "monitoring": false,
            "network_interface": [],
            "outpost_arn": "",
            "password_data": "",
            "placement_group": "",
            "placement_partition_number": 0,
            "primary_network_interface_id": "eni-0fc70544b22912b38",
            "private_dns": "ip-10-0-128-18.ec2.internal",
            "private_dns_name_options": [
              {
                "enable_resource_name_dns_a_record": false,
                "enable_resource_name_dns_aaaa_record": false,
                "hostname_type": "ip-name"
              }
            ],
            "private_ip": "10.0.128.18",
            "public_dns": "",
            "public_ip": "",
            "root_block_device": [
              {
                "delete_on_termination": true,
                "device_name": "/dev/xvda",
                "encrypted": true,
                "iops": 3000,
                "kms_key_id": "arn:aws:kms:us-east-1:050122515462:key/f756cce4-bc9f-44c4-b2c6-70edc79b4182",
                "tags": null,
                "throughput": 125,
                "volume_id": "vol-0e610dbf6d4e9c418",
                "volume_size": 50,
                "volume_type": "gp3"
              }
            ],
            "secondary_private_ips": [],
            "security_groups": [],
            "source_dest_check": true,
            "subnet_id": "subnet-006ddef68deceb474",
            "tags": {
              "Created By": "terraform",
              "Name": "dev-terraform-agent"
            },
            "tags_all": {
              "Created By": "terraform",
              "Name": "dev-terraform-agent"
            },
            "tenancy": "default",
            "timeouts": null,
            "user_data": null,
            "user_data_base64": "IyEvYmluL2Jhc2gKCnN1ZG8geXVtIHVwZGF0ZSAteQpzdWRvIHl1bSAteSBpbnN0YWxsIGRvY2tlcgpzdWRvIHNlcnZpY2UgZG9ja2VyIHN0YXJ0CnN1ZG8gdXNlcm1vZCAtYSAtRyBkb2NrZXIgZWMyLXVzZXIKc3VkbyBjaG1vZCA2NjYgL3Zhci9ydW4vZG9ja2VyLnNvY2sKIyBkb2NrZXIgdmVyc2lvbg==",
            "user_data_replace_on_change": false,
            "volume_tags": {
              "Created By": "terraform",
              "Name": "dev-terraform-agent"
            },
            "vpc_security_group_ids": [
              "sg-09f2e1282792a485f"
            ]
          },
          "sensitive_attributes": [],
          "private": "eyJlMmJmYjczMC1lY2FhLTExZTYtOGY4OC0zNDM2M2JjN2M0YzAiOnsiY3JlYXRlIjo2MDAwMDAwMDAwMDAsImRlbGV0ZSI6MTIwMDAwMDAwMDAwMCwidXBkYXRlIjo2MDAwMDAwMDAwMDB9LCJzY2hlbWFfdmVyc2lvbiI6IjEifQ==",
          "dependencies": [
            "module.ec2-terraform-agent.aws_iam_instance_profile.terraform_agent_profile",
            "module.ec2-terraform-agent.aws_iam_role.terraform_agent_role",
            "module.ec2-terraform-agent.aws_security_group.terraform_agent_sg",
            "module.ec2-terraform-agent.data.aws_ami.amazon-linux-2",
            "module.ec2-terraform-agent.data.aws_iam_policy_document.instance-assume-role-policy",
            "module.ec2-terraform-agent.data.template_file.user_data"
          ]
        }
      ]
    },
    {
      "module": "module.ec2-terraform-agent",
      "mode": "managed",
      "type": "aws_security_group",
      "name": "terraform_agent_sg",
      "provider": "provider[\"registry.terraform.io/hashicorp/aws\"]",
      "instances": [
        {
          "schema_version": 1,
          "attributes": {
            "arn": "arn:aws:ec2:us-east-1:050122515462:security-group/sg-09f2e1282792a485f",
            "description": "Terraform Agent security group",
            "egress": [
              {
                "cidr_blocks": [
                  "0.0.0.0/0"
                ],
                "description": "Allow traffic to internet for Package installation",
                "from_port": 443,
                "ipv6_cidr_blocks": [],
                "prefix_list_ids": [],
                "protocol": "tcp",
                "security_groups": [],
                "self": false,
                "to_port": 443
              }
            ],
            "id": "sg-09f2e1282792a485f",
            "ingress": [],
            "name": "dev-terraform-agent-sg",
            "name_prefix": "",
            "owner_id": "050122515462",
            "revoke_rules_on_delete": false,
            "tags": {
              "Created By": "terraform",
              "Name": "dev-terraform-agent-sg"
            },
            "tags_all": {
              "Created By": "terraform",
              "Name": "dev-terraform-agent-sg"
            },
            "timeouts": null,
            "vpc_id": "vpc-06f2a4fe7a98e7cce"
          },
          "sensitive_attributes": [],
          "private": "eyJlMmJmYjczMC1lY2FhLTExZTYtOGY4OC0zNDM2M2JjN2M0YzAiOnsiY3JlYXRlIjo2MDAwMDAwMDAwMDAsImRlbGV0ZSI6OTAwMDAwMDAwMDAwfSwic2NoZW1hX3ZlcnNpb24iOiIxIn0="
        }
      ]
    }
  ],
  "check_results": null
}
